
Microsoft Visual Studio Solution File, Format Version 12.00
# Visual Studio Version 16
VisualStudioVersion = 16.0.29709.97
MinimumVisualStudioVersion = 10.0.40219.1
Project("{2150E333-8FDC-42A3-9474-1A3956D46DE8}") = "Application", "Application", "{AE2D26FF-6139-4471-844C-C3E336CF1EA1}"
EndProject
Project("{2150E333-8FDC-42A3-9474-1A3956D46DE8}") = "Domain", "Domain", "{50AA399E-C6CC-4F8B-96E5-D05DCB8E8796}"
EndProject
Project("{2150E333-8FDC-42A3-9474-1A3956D46DE8}") = "Infra.Data", "Infra.Data", "{35C34D8B-AF8F-48CB-8EFD-1C9A9A6E44C0}"
EndProject
Project("{2150E333-8FDC-42A3-9474-1A3956D46DE8}") = "Presentation", "Presentation", "{0766D182-BA00-464D-913F-7E879C4761CD}"
EndProject
Project("{2150E333-8FDC-42A3-9474-1A3956D46DE8}") = "Infa.IOC", "Infa.IOC", "{0C0E79E4-8D6E-4F90-865E-CDBE903C01C6}"
EndProject
Project("{9A19103F-16F7-4668-BE54-9A1E7A4F7556}") = "CleanArch.Mvc", "CleanArch.Mvc\CleanArch.Mvc.csproj", "{C1ECD29D-0BF9-48AA-A764-80A9F597956A}"
EndProject
Project("{9A19103F-16F7-4668-BE54-9A1E7A4F7556}") = "CleanArch.Domain", "CleanArch.Domain\CleanArch.Domain.csproj", "{7B5C39E5-94FF-47F7-9CDB-B840038B7166}"
EndProject
Project("{9A19103F-16F7-4668-BE54-9A1E7A4F7556}") = "CleanArch.Infra.Data", "CleanArch.Infra.Data\CleanArch.Infra.Data.csproj", "{B988360A-2DCF-4AFB-B98D-CF90FA668EA7}"
EndProject
Project("{9A19103F-16F7-4668-BE54-9A1E7A4F7556}") = "CleanArch.Application", "CleanArch.Application\CleanArch.Application.csproj", "{69747C1F-92BC-4408-AF7F-94BD271D1BF4}"
EndProject
Project("{9A19103F-16F7-4668-BE54-9A1E7A4F7556}") = "CleanArch.Infra.IoC", "CleanArch.Infra.IoC\CleanArch.Infra.IoC.csproj", "{14C9ECFD-E81B-4706-810E-7F7C0E5505EE}"
EndProject
Project("{2150E333-8FDC-42A3-9474-1A3956D46DE8}") = "Api", "Api", "{4C01A4C9-D516-4528-9194-77743E9D1FEB}"
EndProject
Project("{2150E333-8FDC-42A3-9474-1A3956D46DE8}") = "Infra.Bus", "Infra.Bus", "{677D304D-9A5E-4D5A-B3A8-059685616E99}"
EndProject
Global
	GlobalSection(SolutionConfigurationPlatforms) = preSolution
		Debug|Any CPU = Debug|Any CPU
		Release|Any CPU = Release|Any CPU
	EndGlobalSection
	GlobalSection(ProjectConfigurationPlatforms) = postSolution
		{C1ECD29D-0BF9-48AA-A764-80A9F597956A}.Debug|Any CPU.ActiveCfg = Debug|Any CPU
		{C1ECD29D-0BF9-48AA-A764-80A9F597956A}.Debug|Any CPU.Build.0 = Debug|Any CPU
		{C1ECD29D-0BF9-48AA-A764-80A9F597956A}.Release|Any CPU.ActiveCfg = Release|Any CPU
		{C1ECD29D-0BF9-48AA-A764-80A9F597956A}.Release|Any CPU.Build.0 = Release|Any CPU
		{7B5C39E5-94FF-47F7-9CDB-B840038B7166}.Debug|Any CPU.ActiveCfg = Debug|Any CPU
		{7B5C39E5-94FF-47F7-9CDB-B840038B7166}.Debug|Any CPU.Build.0 = Debug|Any CPU
		{7B5C39E5-94FF-47F7-9CDB-B840038B7166}.Release|Any CPU.ActiveCfg = Release|Any CPU
		{7B5C39E5-94FF-47F7-9CDB-B840038B7166}.Release|Any CPU.Build.0 = Release|Any CPU
		{B988360A-2DCF-4AFB-B98D-CF90FA668EA7}.Debug|Any CPU.ActiveCfg = Debug|Any CPU
		{B988360A-2DCF-4AFB-B98D-CF90FA668EA7}.Debug|Any CPU.Build.0 = Debug|Any CPU
		{B988360A-2DCF-4AFB-B98D-CF90FA668EA7}.Release|Any CPU.ActiveCfg = Release|Any CPU
		{B988360A-2DCF-4AFB-B98D-CF90FA668EA7}.Release|Any CPU.Build.0 = Release|Any CPU
		{69747C1F-92BC-4408-AF7F-94BD271D1BF4}.Debug|Any CPU.ActiveCfg = Debug|Any CPU
		{69747C1F-92BC-4408-AF7F-94BD271D1BF4}.Debug|Any CPU.Build.0 = Debug|Any CPU
		{69747C1F-92BC-4408-AF7F-94BD271D1BF4}.Release|Any CPU.ActiveCfg = Release|Any CPU
		{69747C1F-92BC-4408-AF7F-94BD271D1BF4}.Release|Any CPU.Build.0 = Release|Any CPU
		{14C9ECFD-E81B-4706-810E-7F7C0E5505EE}.Debug|Any CPU.ActiveCfg = Debug|Any CPU
		{14C9ECFD-E81B-4706-810E-7F7C0E5505EE}.Debug|Any CPU.Build.0 = Debug|Any CPU
		{14C9ECFD-E81B-4706-810E-7F7C0E5505EE}.Release|Any CPU.ActiveCfg = Release|Any CPU
		{14C9ECFD-E81B-4706-810E-7F7C0E5505EE}.Release|Any CPU.Build.0 = Release|Any CPU
	EndGlobalSection
	GlobalSection(SolutionProperties) = preSolution
		HideSolutionNode = FALSE
	EndGlobalSection
	GlobalSection(NestedProjects) = preSolution
		{C1ECD29D-0BF9-48AA-A764-80A9F597956A} = {0766D182-BA00-464D-913F-7E879C4761CD}
		{7B5C39E5-94FF-47F7-9CDB-B840038B7166} = {50AA399E-C6CC-4F8B-96E5-D05DCB8E8796}
		{B988360A-2DCF-4AFB-B98D-CF90FA668EA7} = {35C34D8B-AF8F-48CB-8EFD-1C9A9A6E44C0}
		{69747C1F-92BC-4408-AF7F-94BD271D1BF4} = {AE2D26FF-6139-4471-844C-C3E336CF1EA1}
		{14C9ECFD-E81B-4706-810E-7F7C0E5505EE} = {0C0E79E4-8D6E-4F90-865E-CDBE903C01C6}
	EndGlobalSection
	GlobalSection(ExtensibilityGlobals) = postSolution
		SolutionGuid = {9BCB6C57-2430-410F-A5B3-C27B65D912CB}
	EndGlobalSection
EndGlobal
